{
  "name": "tests",
  "version": "0.0.1",
  "lockfileVersion": 1,
  "requires": true,
  "dependencies": {
    "unity-n-promises": {
      "version": "file:..",
      "requires": {
        "unity-n-core": "2.1.1"
      },
      "dependencies": {
        "minimist": {
          "version": "0.0.8",
          "bundled": true
        },
        "mkdirp": {
          "version": "0.5.1",
          "bundled": true,
          "requires": {
            "minimist": "0.0.8"
          }
        },
        "ncp": {
          "version": "2.0.0",
          "bundled": true
        },
        "unity-n-core": {
          "version": "2.1.1",
          "bundled": true,
          "requires": {
            "mkdirp": "0.5.1",
            "ncp": "2.0.0"
          }
        }
      }
    }
  }
}
