{
  "name": "tests",
  "version": "0.0.1",
  "lockfileVersion": 1,
  "requires": true,
  "dependencies": {
    "unity-n-promises": {
      "version": "file:.."
    },
    "unity-n-tests": {
      "version": "github:shadowmint/unity-n-tests#12fcc4f82288d84a9c5157a4e053a714a8a1fa58",
      "from": "github:shadowmint/unity-n-tests"
    }
  }
}
